
Microsoft Visual Studio Solution File, Format Version 12.00
# Visual Studio Version 17
VisualStudioVersion = 17.2.32602.215
MinimumVisualStudioVersion = 10.0.40219.1
Project("{9A19103F-16F7-4668-BE54-9A1E7A4F7556}") = "Wafia", "Wafia\Wafia.csproj", "{F57462CE-3ED6-4682-B0B8-09AB8A712537}"
EndProject
Project("{9A19103F-16F7-4668-BE54-9A1E7A4F7556}") = "Test", "Test\Test.csproj", "{C972948D-B263-49F1-A844-8B8CD41F3CCB}"
EndProject
Global
	GlobalSection(SolutionConfigurationPlatforms) = preSolution
		Debug|Any CPU = Debug|Any CPU
		Release|Any CPU = Release|Any CPU
	EndGlobalSection
	GlobalSection(ProjectConfigurationPlatforms) = postSolution
		{F57462CE-3ED6-4682-B0B8-09AB8A712537}.Debug|Any CPU.ActiveCfg = Debug|Any CPU
		{F57462CE-3ED6-4682-B0B8-09AB8A712537}.Debug|Any CPU.Build.0 = Debug|Any CPU
		{F57462CE-3ED6-4682-B0B8-09AB8A712537}.Release|Any CPU.ActiveCfg = Release|Any CPU
		{F57462CE-3ED6-4682-B0B8-09AB8A712537}.Release|Any CPU.Build.0 = Release|Any CPU
		{C972948D-B263-49F1-A844-8B8CD41F3CCB}.Debug|Any CPU.ActiveCfg = Debug|Any CPU
		{C972948D-B263-49F1-A844-8B8CD41F3CCB}.Debug|Any CPU.Build.0 = Debug|Any CPU
		{C972948D-B263-49F1-A844-8B8CD41F3CCB}.Release|Any CPU.ActiveCfg = Release|Any CPU
		{C972948D-B263-49F1-A844-8B8CD41F3CCB}.Release|Any CPU.Build.0 = Release|Any CPU
	EndGlobalSection
	GlobalSection(SolutionProperties) = preSolution
		HideSolutionNode = FALSE
	EndGlobalSection
	GlobalSection(ExtensibilityGlobals) = postSolution
		SolutionGuid = {FAFA7CEE-8F35-4423-8667-8C4425F51574}
	EndGlobalSection
EndGlobal
